
Microsoft Visual Studio Solution File, Format Version 12.00
# Visual Studio 15
VisualStudioVersion = 15.0.27130.2010
MinimumVisualStudioVersion = 10.0.40219.1
Project("{FAE04EC0-301F-11D3-BF4B-00C04F79EFBC}") = "WebCrawler", "WebCrawler\WebCrawler.csproj", "{3A3785E0-0E23-402C-934D-01EB4845F021}"
EndProject
Global
	GlobalSection(SolutionConfigurationPlatforms) = preSolution
		Debug|Any CPU = Debug|Any CPU
		Release|Any CPU = Release|Any CPU
	EndGlobalSection
	GlobalSection(ProjectConfigurationPlatforms) = postSolution
		{3A3785E0-0E23-402C-934D-01EB4845F021}.Debug|Any CPU.ActiveCfg = Debug|Any CPU
		{3A3785E0-0E23-402C-934D-01EB4845F021}.Debug|Any CPU.Build.0 = Debug|Any CPU
		{3A3785E0-0E23-402C-934D-01EB4845F021}.Release|Any CPU.ActiveCfg = Release|Any CPU
		{3A3785E0-0E23-402C-934D-01EB4845F021}.Release|Any CPU.Build.0 = Release|Any CPU
	EndGlobalSection
	GlobalSection(SolutionProperties) = preSolution
		HideSolutionNode = FALSE
	EndGlobalSection
	GlobalSection(ExtensibilityGlobals) = postSolution
		SolutionGuid = {3F5C47F5-C55F-4A6A-9A75-3A7482618BCD}
	EndGlobalSection
EndGlobal
